// !$*UTF8*$!
{
	archiveVersion = 1;
	classes = {
	};
	objectVersion = 50;
	objects = {

/* Begin PBXBuildFile section */
		2861A657264269AA008F12EE /* AppDelegate.swift in Sources */ = {isa = PBXBuildFile; fileRef = 2861A656264269AA008F12EE /* AppDelegate.swift */; };
		2861A659264269AA008F12EE /* SceneDelegate.swift in Sources */ = {isa = PBXBuildFile; fileRef = 2861A658264269AA008F12EE /* SceneDelegate.swift */; };
		2861A65B264269AA008F12EE /* HobbyViewController.swift in Sources */ = {isa = PBXBuildFile; fileRef = 2861A65A264269AA008F12EE /* HobbyViewController.swift */; };
		2861A65E264269AA008F12EE /* Main.storyboard in Resources */ = {isa = PBXBuildFile; fileRef = 2861A65C264269AA008F12EE /* Main.storyboard */; };
		2861A660264269AD008F12EE /* Assets.xcassets in Resources */ = {isa = PBXBuildFile; fileRef = 2861A65F264269AD008F12EE /* Assets.xcassets */; };
		2861A663264269AD008F12EE /* LaunchScreen.storyboard in Resources */ = {isa = PBXBuildFile; fileRef = 2861A661264269AD008F12EE /* LaunchScreen.storyboard */; };
		2861A66B2642722D008F12EE /* DevViewController.swift in Sources */ = {isa = PBXBuildFile; fileRef = 2861A66A2642722D008F12EE /* DevViewController.swift */; };
		6609E8773C9E3DE0C8F61647 /* Pods_HW3.framework in Frameworks */ = {isa = PBXBuildFile; fileRef = 84BBE99AE3181879D0D87DB4 /* Pods_HW3.framework */; };
/* End PBXBuildFile section */

/* Begin PBXFileReference section */
		265135012518FBB1584C8F35 /* Pods-HW3.debug.xcconfig */ = {isa = PBXFileReference; includeInIndex = 1; lastKnownFileType = text.xcconfig; name = "Pods-HW3.debug.xcconfig"; path = "Target Support Files/Pods-HW3/Pods-HW3.debug.xcconfig"; sourceTree = "<group>"; };
		2861A653264269AA008F12EE /* HW3.app */ = {isa = PBXFileReference; explicitFileType = wrapper.application; includeInIndex = 0; path = HW3.app; sourceTree = BUILT_PRODUCTS_DIR; };
		2861A656264269AA008F12EE /* AppDelegate.swift */ = {isa = PBXFileReference; lastKnownFileType = sourcecode.swift; path = AppDelegate.swift; sourceTree = "<group>"; };
		2861A658264269AA008F12EE /* SceneDelegate.swift */ = {isa = PBXFileReference; lastKnownFileType = sourcecode.swift; path = SceneDelegate.swift; sourceTree = "<group>"; };
		2861A65A264269AA008F12EE /* HobbyViewController.swift */ = {isa = PBXFileReference; lastKnownFileType = sourcecode.swift; path = HobbyViewController.swift; sourceTree = "<group>"; };
		2861A65D264269AA008F12EE /* Base */ = {isa = PBXFileReference; lastKnownFileType = file.storyboard; name = Base; path = Base.lproj/Main.storyboard; sourceTree = "<group>"; };
		2861A65F264269AD008F12EE /* Assets.xcassets */ = {isa = PBXFileReference; lastKnownFileType = folder.assetcatalog; path = Assets.xcassets; sourceTree = "<group>"; };
		2861A662264269AD008F12EE /* Base */ = {isa = PBXFileReference; lastKnownFileType = file.storyboard; name = Base; path = Base.lproj/LaunchScreen.storyboard; sourceTree = "<group>"; };
		2861A664264269AD008F12EE /* Info.plist */ = {isa = PBXFileReference; lastKnownFileType = text.plist.xml; path = Info.plist; sourceTree = "<group>"; };
		2861A66A2642722D008F12EE /* DevViewController.swift */ = {isa = PBXFileReference; lastKnownFileType = sourcecode.swift; path = DevViewController.swift; sourceTree = "<group>"; };
		5B6988F50D25AA764AB21CBB /* Pods-HW3.release.xcconfig */ = {isa = PBXFileReference; includeInIndex = 1; lastKnownFileType = text.xcconfig; name = "Pods-HW3.release.xcconfig"; path = "Target Support Files/Pods-HW3/Pods-HW3.release.xcconfig"; sourceTree = "<group>"; };
		84BBE99AE3181879D0D87DB4 /* Pods_HW3.framework */ = {isa = PBXFileReference; explicitFileType = wrapper.framework; includeInIndex = 0; path = Pods_HW3.framework; sourceTree = BUILT_PRODUCTS_DIR; };
/* End PBXFileReference section */

/* Begin PBXFrameworksBuildPhase section */
		2861A650264269AA008F12EE /* Frameworks */ = {
			isa = PBXFrameworksBuildPhase;
			buildActionMask = 2147483647;
			files = (
				6609E8773C9E3DE0C8F61647 /* Pods_HW3.framework in Frameworks */,
			);
			runOnlyForDeploymentPostprocessing = 0;
		};
/* End PBXFrameworksBuildPhase section */

/* Begin PBXGroup section */
		2861A64A264269AA008F12EE = {
			isa = PBXGroup;
			children = (
				2861A655264269AA008F12EE /* HW3 */,
				2861A654264269AA008F12EE /* Products */,
				752BC73DAA74D530E5CF58C8 /* Pods */,
				768C37955DAF701616AF728D /* Frameworks */,
			);
			sourceTree = "<group>";
		};
		2861A654264269AA008F12EE /* Products */ = {
			isa = PBXGroup;
			children = (
				2861A653264269AA008F12EE /* HW3.app */,
			);
			name = Products;
			sourceTree = "<group>";
		};
		2861A655264269AA008F12EE /* HW3 */ = {
			isa = PBXGroup;
			children = (
				2861A656264269AA008F12EE /* AppDelegate.swift */,
				2861A658264269AA008F12EE /* SceneDelegate.swift */,
				2861A65A264269AA008F12EE /* HobbyViewController.swift */,
				2861A66A2642722D008F12EE /* DevViewController.swift */,
				2861A65C264269AA008F12EE /* Main.storyboard */,
				2861A65F264269AD008F12EE /* Assets.xcassets */,
				2861A661264269AD008F12EE /* LaunchScreen.storyboard */,
				2861A664264269AD008F12EE /* Info.plist */,
			);
			path = HW3;
			sourceTree = "<group>";
		};
		752BC73DAA74D530E5CF58C8 /* Pods */ = {
			isa = PBXGroup;
			children = (
				265135012518FBB1584C8F35 /* Pods-HW3.debug.xcconfig */,
				5B6988F50D25AA764AB21CBB /* Pods-HW3.release.xcconfig */,
			);
			name = Pods;
			path = ../Pods;
			sourceTree = "<group>";
		};
		768C37955DAF701616AF728D /* Frameworks */ = {
			isa = PBXGroup;
			children = (
				84BBE99AE3181879D0D87DB4 /* Pods_HW3.framework */,
			);
			name = Frameworks;
			sourceTree = "<group>";
		};
/* End PBXGroup section */

/* Begin PBXNativeTarget section */
		2861A652264269AA008F12EE /* HW3 */ = {
			isa = PBXNativeTarget;
			buildConfigurationList = 2861A667264269AD008F12EE /* Build configuration list for PBXNativeTarget "HW3" */;
			buildPhases = (
				73E681CC82BE62117F3CB3AD /* [CP] Check Pods Manifest.lock */,
				2861A64F264269AA008F12EE /* Sources */,
				2861A650264269AA008F12EE /* Frameworks */,
				2861A651264269AA008F12EE /* Resources */,
				18EFBF2D0CD34F94C6517CBC /* [CP] Embed Pods Frameworks */,
			);
			buildRules = (
			);
			dependencies = (
			);
			name = HW3;
			productName = HW3;
			productReference = 2861A653264269AA008F12EE /* HW3.app */;
			productType = "com.apple.product-type.application";
		};
/* End PBXNativeTarget section */

/* Begin PBXProject section */
		2861A64B264269AA008F12EE /* Project object */ = {
			isa = PBXProject;
			attributes = {
				LastSwiftUpdateCheck = 1250;
				LastUpgradeCheck = 1250;
				TargetAttributes = {
					2861A652264269AA008F12EE = {
						CreatedOnToolsVersion = 12.5;
					};
				};
			};
			buildConfigurationList = 2861A64E264269AA008F12EE /* Build configuration list for PBXProject "HW3" */;
			compatibilityVersion = "Xcode 9.3";
			developmentRegion = en;
			hasScannedForEncodings = 0;
			knownRegions = (
				en,
				Base,
			);
			mainGroup = 2861A64A264269AA008F12EE;
			productRefGroup = 2861A654264269AA008F12EE /* Products */;
			projectDirPath = "";
			projectRoot = "";
			targets = (
				2861A652264269AA008F12EE /* HW3 */,
			);
		};
/* End PBXProject section */

/* Begin PBXResourcesBuildPhase section */
		2861A651264269AA008F12EE /* Resources */ = {
			isa = PBXResourcesBuildPhase;
			buildActionMask = 2147483647;
			files = (
				2861A663264269AD008F12EE /* LaunchScreen.storyboard in Resources */,
				2861A660264269AD008F12EE /* Assets.xcassets in Resources */,
				2861A65E264269AA008F12EE /* Main.storyboard in Resources */,
			);
			runOnlyForDeploymentPostprocessing = 0;
		};
/* End PBXResourcesBuildPhase section */

/* Begin PBXShellScriptBuildPhase section */
		18EFBF2D0CD34F94C6517CBC /* [CP] Embed Pods Frameworks */ = {
			isa = PBXShellScriptBuildPhase;
			buildActionMask = 2147483647;
			files = (
			);
			inputFileListPaths = (
				"${PODS_ROOT}/Target Support Files/Pods-HW3/Pods-HW3-frameworks-${CONFIGURATION}-input-files.xcfilelist",
			);
			name = "[CP] Embed Pods Frameworks";
			outputFileListPaths = (
				"${PODS_ROOT}/Target Support Files/Pods-HW3/Pods-HW3-frameworks-${CONFIGURATION}-output-files.xcfilelist",
			);
			runOnlyForDeploymentPostprocessing = 0;
			shellPath = /bin/sh;
			shellScript = "\"${PODS_ROOT}/Target Support Files/Pods-HW3/Pods-HW3-frameworks.sh\"\n";
			showEnvVarsInLog = 0;
		};
		73E681CC82BE62117F3CB3AD /* [CP] Check Pods Manifest.lock */ = {
			isa = PBXShellScriptBuildPhase;
			buildActionMask = 2147483647;
			files = (
			);
			inputFileListPaths = (
			);
			inputPaths = (
				"${PODS_PODFILE_DIR_PATH}/Podfile.lock",
				"${PODS_ROOT}/Manifest.lock",
			);
			name = "[CP] Check Pods Manifest.lock";
			outputFileListPaths = (
			);
			outputPaths = (
				"$(DERIVED_FILE_DIR)/Pods-HW3-checkManifestLockResult.txt",
			);
			runOnlyForDeploymentPostprocessing = 0;
			shellPath = /bin/sh;
			shellScript = "diff \"${PODS_PODFILE_DIR_PATH}/Podfile.lock\" \"${PODS_ROOT}/Manifest.lock\" > /dev/null\nif [ $? != 0 ] ; then\n    # print error to STDERR\n    echo \"error: The sandbox is not in sync with the Podfile.lock. Run 'pod install' or update your CocoaPods installation.\" >&2\n    exit 1\nfi\n# This output is used by Xcode 'outputs' to avoid re-running this script phase.\necho \"SUCCESS\" > \"${SCRIPT_OUTPUT_FILE_0}\"\n";
			showEnvVarsInLog = 0;
		};
/* End PBXShellScriptBuildPhase section */

/* Begin PBXSourcesBuildPhase section */
		2861A64F264269AA008F12EE /* Sources */ = {
			isa = PBXSourcesBuildPhase;
			buildActionMask = 2147483647;
			files = (
				2861A66B2642722D008F12EE /* DevViewController.swift in Sources */,
				2861A65B264269AA008F12EE /* HobbyViewController.swift in Sources */,
				2861A657264269AA008F12EE /* AppDelegate.swift in Sources */,
				2861A659264269AA008F12EE /* SceneDelegate.swift in Sources */,
			);
			runOnlyForDeploymentPostprocessing = 0;
		};
/* End PBXSourcesBuildPhase section */

/* Begin PBXVariantGroup section */
		2861A65C264269AA008F12EE /* Main.storyboard */ = {
			isa = PBXVariantGroup;
			children = (
				2861A65D264269AA008F12EE /* Base */,
			);
			name = Main.storyboard;
			sourceTree = "<group>";
		};
		2861A661264269AD008F12EE /* LaunchScreen.storyboard */ = {
			isa = PBXVariantGroup;
			children = (
				2861A662264269AD008F12EE /* Base */,
			);
			name = LaunchScreen.storyboard;
			sourceTree = "<group>";
		};
/* End PBXVariantGroup section */

/* Begin XCBuildConfiguration section */
		2861A665264269AD008F12EE /* Debug */ = {
			isa = XCBuildConfiguration;
			buildSettings = {
				ALWAYS_SEARCH_USER_PATHS = NO;
				CLANG_ANALYZER_NONNULL = YES;
				CLANG_ANALYZER_NUMBER_OBJECT_CONVERSION = YES_AGGRESSIVE;
				CLANG_CXX_LANGUAGE_STANDARD = "gnu++14";
				CLANG_CXX_LIBRARY = "libc++";
				CLANG_ENABLE_MODULES = YES;
				CLANG_ENABLE_OBJC_ARC = YES;
				CLANG_ENABLE_OBJC_WEAK = YES;
				CLANG_WARN_BLOCK_CAPTURE_AUTORELEASING = YES;
				CLANG_WARN_BOOL_CONVERSION = YES;
				CLANG_WARN_COMMA = YES;
				CLANG_WARN_CONSTANT_CONVERSION = YES;
				CLANG_WARN_DEPRECATED_OBJC_IMPLEMENTATIONS = YES;
				CLANG_WARN_DIRECT_OBJC_ISA_USAGE = YES_ERROR;
				CLANG_WARN_DOCUMENTATION_COMMENTS = YES;
				CLANG_WARN_EMPTY_BODY = YES;
				CLANG_WARN_ENUM_CONVERSION = YES;
				CLANG_WARN_INFINITE_RECURSION = YES;
				CLANG_WARN_INT_CONVERSION = YES;
				CLANG_WARN_NON_LITERAL_NULL_CONVERSION = YES;
				CLANG_WARN_OBJC_IMPLICIT_RETAIN_SELF = YES;
				CLANG_WARN_OBJC_LITERAL_CONVERSION = YES;
				CLANG_WARN_OBJC_ROOT_CLASS = YES_ERROR;
				CLANG_WARN_QUOTED_INCLUDE_IN_FRAMEWORK_HEADER = YES;
				CLANG_WARN_RANGE_LOOP_ANALYSIS = YES;
				CLANG_WARN_STRICT_PROTOTYPES = YES;
				CLANG_WARN_SUSPICIOUS_MOVE = YES;
				CLANG_WARN_UNGUARDED_AVAILABILITY = YES_AGGRESSIVE;
				CLANG_WARN_UNREACHABLE_CODE = YES;
				CLANG_WARN__DUPLICATE_METHOD_MATCH = YES;
				COPY_PHASE_STRIP = NO;
				DEBUG_INFORMATION_FORMAT = dwarf;
				ENABLE_STRICT_OBJC_MSGSEND = YES;
				ENABLE_TESTABILITY = YES;
				GCC_C_LANGUAGE_STANDARD = gnu11;
				GCC_DYNAMIC_NO_PIC = NO;
				GCC_NO_COMMON_BLOCKS = YES;
				GCC_OPTIMIZATION_LEVEL = 0;
				GCC_PREPROCESSOR_DEFINITIONS = (
					"DEBUG=1",
					"$(inherited)",
				);
				GCC_WARN_64_TO_32_BIT_CONVERSION = YES;
				GCC_WARN_ABOUT_RETURN_TYPE = YES_ERROR;
				GCC_WARN_UNDECLARED_SELECTOR = YES;
				GCC_WARN_UNINITIALIZED_AUTOS = YES_AGGRESSIVE;
				GCC_WARN_UNUSED_FUNCTION = YES;
				GCC_WARN_UNUSED_VARIABLE = YES;
				IPHONEOS_DEPLOYMENT_TARGET = 14.5;
				MTL_ENABLE_DEBUG_INFO = INCLUDE_SOURCE;
				MTL_FAST_MATH = YES;
				ONLY_ACTIVE_ARCH = YES;
				SDKROOT = iphoneos;
				SWIFT_ACTIVE_COMPILATION_CONDITIONS = DEBUG;
				SWIFT_OPTIMIZATION_LEVEL = "-Onone";
			};
			name = Debug;
		};
		2861A666264269AD008F12EE /* Release */ = {
			isa = XCBuildConfiguration;
			buildSettings = {
				ALWAYS_SEARCH_USER_PATHS = NO;
				CLANG_ANALYZER_NONNULL = YES;
				CLANG_ANALYZER_NUMBER_OBJECT_CONVERSION = YES_AGGRESSIVE;
				CLANG_CXX_LANGUAGE_STANDARD = "gnu++14";
				CLANG_CXX_LIBRARY = "libc++";
				CLANG_ENABLE_MODULES = YES;
				CLANG_ENABLE_OBJC_ARC = YES;
				CLANG_ENABLE_OBJC_WEAK = YES;
				CLANG_WARN_BLOCK_CAPTURE_AUTORELEASING = YES;
				CLANG_WARN_BOOL_CONVERSION = YES;
				CLANG_WARN_COMMA = YES;
				CLANG_WARN_CONSTANT_CONVERSION = YES;
				CLANG_WARN_DEPRECATED_OBJC_IMPLEMENTATIONS = YES;
				CLANG_WARN_DIRECT_OBJC_ISA_USAGE = YES_ERROR;
				CLANG_WARN_DOCUMENTATION_COMMENTS = YES;
				CLANG_WARN_EMPTY_BODY = YES;
				CLANG_WARN_ENUM_CONVERSION = YES;
				CLANG_WARN_INFINITE_RECURSION = YES;
				CLANG_WARN_INT_CONVERSION = YES;
				CLANG_WARN_NON_LITERAL_NULL_CONVERSION = YES;
				CLANG_WARN_OBJC_IMPLICIT_RETAIN_SELF = YES;
				CLANG_WARN_OBJC_LITERAL_CONVERSION = YES;
				CLANG_WARN_OBJC_ROOT_CLASS = YES_ERROR;
				CLANG_WARN_QUOTED_INCLUDE_IN_FRAMEWORK_HEADER = YES;
				CLANG_WARN_RANGE_LOOP_ANALYSIS = YES;
				CLANG_WARN_STRICT_PROTOTYPES = YES;
				CLANG_WARN_SUSPICIOUS_MOVE = YES;
				CLANG_WARN_UNGUARDED_AVAILABILITY = YES_AGGRESSIVE;
				CLANG_WARN_UNREACHABLE_CODE = YES;
				CLANG_WARN__DUPLICATE_METHOD_MATCH = YES;
				COPY_PHASE_STRIP = NO;
				DEBUG_INFORMATION_FORMAT = "dwarf-with-dsym";
				ENABLE_NS_ASSERTIONS = NO;
				ENABLE_STRICT_OBJC_MSGSEND = YES;
				GCC_C_LANGUAGE_STANDARD = gnu11;
				GCC_NO_COMMON_BLOCKS = YES;
				GCC_WARN_64_TO_32_BIT_CONVERSION = YES;
				GCC_WARN_ABOUT_RETURN_TYPE = YES_ERROR;
				GCC_WARN_UNDECLARED_SELECTOR = YES;
				GCC_WARN_UNINITIALIZED_AUTOS = YES_AGGRESSIVE;
				GCC_WARN_UNUSED_FUNCTION = YES;
				GCC_WARN_UNUSED_VARIABLE = YES;
				IPHONEOS_DEPLOYMENT_TARGET = 14.5;
				MTL_ENABLE_DEBUG_INFO = NO;
				MTL_FAST_MATH = YES;
				SDKROOT = iphoneos;
				SWIFT_COMPILATION_MODE = wholemodule;
				SWIFT_OPTIMIZATION_LEVEL = "-O";
				VALIDATE_PRODUCT = YES;
			};
			name = Release;
		};
		2861A668264269AD008F12EE /* Debug */ = {
			isa = XCBuildConfiguration;
			baseConfigurationReference = 265135012518FBB1584C8F35 /* Pods-HW3.debug.xcconfig */;
			buildSettings = {
				ASSETCATALOG_COMPILER_APPICON_NAME = AppIcon;
				ASSETCATALOG_COMPILER_GLOBAL_ACCENT_COLOR_NAME = AccentColor;
				CODE_SIGN_STYLE = Automatic;
				DEVELOPMENT_TEAM = P3N2G95HRL;
				INFOPLIST_FILE = HW3/Info.plist;
				LD_RUNPATH_SEARCH_PATHS = (
					"$(inherited)",
					"@executable_path/Frameworks",
				);
				PRODUCT_BUNDLE_IDENTIFIER = com.suppadu.HW3;
				PRODUCT_NAME = "$(TARGET_NAME)";
				SWIFT_VERSION = 5.0;
				TARGETED_DEVICE_FAMILY = "1,2";
			};
			name = Debug;
		};
		2861A669264269AD008F12EE /* Release */ = {
			isa = XCBuildConfiguration;
			baseConfigurationReference = 5B6988F50D25AA764AB21CBB /* Pods-HW3.release.xcconfig */;
			buildSettings = {
				ASSETCATALOG_COMPILER_APPICON_NAME = AppIcon;
				ASSETCATALOG_COMPILER_GLOBAL_ACCENT_COLOR_NAME = AccentColor;
				CODE_SIGN_STYLE = Automatic;
				DEVELOPMENT_TEAM = P3N2G95HRL;
				INFOPLIST_FILE = HW3/Info.plist;
				LD_RUNPATH_SEARCH_PATHS = (
					"$(inherited)",
					"@executable_path/Frameworks",
				);
				PRODUCT_BUNDLE_IDENTIFIER = com.suppadu.HW3;
				PRODUCT_NAME = "$(TARGET_NAME)";
				SWIFT_VERSION = 5.0;
				TARGETED_DEVICE_FAMILY = "1,2";
			};
			name = Release;
		};
/* End XCBuildConfiguration section */

/* Begin XCConfigurationList section */
		2861A64E264269AA008F12EE /* Build configuration list for PBXProject "HW3" */ = {
			isa = XCConfigurationList;
			buildConfigurations = (
				2861A665264269AD008F12EE /* Debug */,
				2861A666264269AD008F12EE /* Release */,
			);
			defaultConfigurationIsVisible = 0;
			defaultConfigurationName = Release;
		};
		2861A667264269AD008F12EE /* Build configuration list for PBXNativeTarget "HW3" */ = {
			isa = XCConfigurationList;
			buildConfigurations = (
				2861A668264269AD008F12EE /* Debug */,
				2861A669264269AD008F12EE /* Release */,
			);
			defaultConfigurationIsVisible = 0;
			defaultConfigurationName = Release;
		};
/* End XCConfigurationList section */
	};
	rootObject = 2861A64B264269AA008F12EE /* Project object */;
}
